
Microsoft Visual Studio Solution File, Format Version 12.00
# Visual Studio 15
VisualStudioVersion = 15.0.33026.149
MinimumVisualStudioVersion = 10.0.40219.1
Project("{FAE04EC0-301F-11D3-BF4B-00C04F79EFBC}") = "13.The Return Keyword", "13.The Return Keyword\13.The Return Keyword.csproj", "{6194650A-193C-431F-877B-C67D58659AF6}"
EndProject
Global
	GlobalSection(SolutionConfigurationPlatforms) = preSolution
		Debug|Any CPU = Debug|Any CPU
		Release|Any CPU = Release|Any CPU
	EndGlobalSection
	GlobalSection(ProjectConfigurationPlatforms) = postSolution
		{6194650A-193C-431F-877B-C67D58659AF6}.Debug|Any CPU.ActiveCfg = Debug|Any CPU
		{6194650A-193C-431F-877B-C67D58659AF6}.Debug|Any CPU.Build.0 = Debug|Any CPU
		{6194650A-193C-431F-877B-C67D58659AF6}.Release|Any CPU.ActiveCfg = Release|Any CPU
		{6194650A-193C-431F-877B-C67D58659AF6}.Release|Any CPU.Build.0 = Release|Any CPU
	EndGlobalSection
	GlobalSection(SolutionProperties) = preSolution
		HideSolutionNode = FALSE
	EndGlobalSection
	GlobalSection(ExtensibilityGlobals) = postSolution
		SolutionGuid = {CC23C6AE-BD7F-4B28-8B5A-87A77CF75422}
	EndGlobalSection
EndGlobal
